
Microsoft Visual Studio Solution File, Format Version 12.00
# Visual Studio Version 17
VisualStudioVersion = 17.4.32804.182
MinimumVisualStudioVersion = 10.0.40219.1
Project("{9A19103F-16F7-4668-BE54-9A1E7A4F7556}") = "Healthwise.Sdo.Functions", "Healthwise.Sdo.Functions\Healthwise.Sdo.Functions.csproj", "{69956A2F-9B94-48EE-AF88-265C44B1CA67}"
EndProject
Project("{2150E333-8FDC-42A3-9474-1A3956D46DE8}") = "Solution Items", "Solution Items", "{60452CB2-B200-4ABE-BAE5-6B711A1C4A7A}"
	ProjectSection(SolutionItems) = preProject
		.gitattributes = .gitattributes
		.gitignore = .gitignore
		README.md = README.md
	EndProjectSection
EndProject
Project("{9A19103F-16F7-4668-BE54-9A1E7A4F7556}") = "Healthwise.Sdo.UnitTests", "..\Healthwise.Sdo.UnitTests\Healthwise.Sdo.UnitTests\Healthwise.Sdo.UnitTests.csproj", "{B06B7CAE-3C53-44D1-84B6-5E77C224DBFF}"
EndProject
Global
	GlobalSection(SolutionConfigurationPlatforms) = preSolution
		Debug|Any CPU = Debug|Any CPU
		Release|Any CPU = Release|Any CPU
	EndGlobalSection
	GlobalSection(ProjectConfigurationPlatforms) = postSolution
		{69956A2F-9B94-48EE-AF88-265C44B1CA67}.Debug|Any CPU.ActiveCfg = Debug|Any CPU
		{69956A2F-9B94-48EE-AF88-265C44B1CA67}.Debug|Any CPU.Build.0 = Debug|Any CPU
		{69956A2F-9B94-48EE-AF88-265C44B1CA67}.Release|Any CPU.ActiveCfg = Release|Any CPU
		{69956A2F-9B94-48EE-AF88-265C44B1CA67}.Release|Any CPU.Build.0 = Release|Any CPU
		{B06B7CAE-3C53-44D1-84B6-5E77C224DBFF}.Debug|Any CPU.ActiveCfg = Debug|Any CPU
		{B06B7CAE-3C53-44D1-84B6-5E77C224DBFF}.Debug|Any CPU.Build.0 = Debug|Any CPU
		{B06B7CAE-3C53-44D1-84B6-5E77C224DBFF}.Release|Any CPU.ActiveCfg = Release|Any CPU
		{B06B7CAE-3C53-44D1-84B6-5E77C224DBFF}.Release|Any CPU.Build.0 = Release|Any CPU
	EndGlobalSection
	GlobalSection(SolutionProperties) = preSolution
		HideSolutionNode = FALSE
	EndGlobalSection
	GlobalSection(ExtensibilityGlobals) = postSolution
		SolutionGuid = {70E94BF6-9CC0-4D8D-A134-C21AE47C41E8}
	EndGlobalSection
EndGlobal
